
Microsoft Visual Studio Solution File, Format Version 12.00
# Visual Studio Version 16
VisualStudioVersion = 16.0.30413.136
MinimumVisualStudioVersion = 10.0.40219.1
Project("{FAE04EC0-301F-11D3-BF4B-00C04F79EFBC}") = "StonesModel", "StonesModel\StonesModel.csproj", "{CEEF465E-D21A-43E0-8F1A-B6123243AE41}"
EndProject
Project("{2150E333-8FDC-42A3-9474-1A3956D46DE8}") = "Lab1", "Lab1", "{462BEA8B-3780-4871-9BD7-CAEFAF024647}"
EndProject
Project("{2150E333-8FDC-42A3-9474-1A3956D46DE8}") = "Model", "Model", "{9C9D0227-3C80-4428-B71A-0E9DAE2D4ABE}"
EndProject
Project("{FAE04EC0-301F-11D3-BF4B-00C04F79EFBC}") = "MeetingModel", "MeetingModel\MeetingModel.csproj", "{08EA9DD8-679E-4E39-B809-50ED925264A7}"
EndProject
Project("{2150E333-8FDC-42A3-9474-1A3956D46DE8}") = "Lab2", "Lab2", "{2086F049-B45F-4010-88D4-724A38530AEA}"
EndProject
Project("{2150E333-8FDC-42A3-9474-1A3956D46DE8}") = "Model", "Model", "{EC3B475C-BD77-41B0-A038-2F826C37E95D}"
EndProject
Project("{FAE04EC0-301F-11D3-BF4B-00C04F79EFBC}") = "MeetingView", "MeetingView\MeetingView.csproj", "{EC6584F9-62A8-46ED-940A-47DF01390824}"
EndProject
Project("{2150E333-8FDC-42A3-9474-1A3956D46DE8}") = "View", "View", "{AEBC7DDA-B8B1-4223-B190-15A4A9D74541}"
EndProject
Project("{FAE04EC0-301F-11D3-BF4B-00C04F79EFBC}") = "PhoneModel", "PhoneModel\PhoneModel.csproj", "{9CBAC39F-67DF-45F7-8295-E54B3D0FC777}"
EndProject
Project("{2150E333-8FDC-42A3-9474-1A3956D46DE8}") = "Lab3", "Lab3", "{624345FC-ABEB-4A19-954D-61DD3AE9FA9F}"
EndProject
Project("{2150E333-8FDC-42A3-9474-1A3956D46DE8}") = "Model", "Model", "{6AA59520-CCEC-4310-9FEC-ACA46E6E9CC9}"
EndProject
Project("{FAE04EC0-301F-11D3-BF4B-00C04F79EFBC}") = "PhoneView", "PhoneView\PhoneView.csproj", "{0222DA7C-723A-4600-A0E5-387438C65597}"
EndProject
Project("{2150E333-8FDC-42A3-9474-1A3956D46DE8}") = "View", "View", "{A76E3BF8-609E-4DF0-85DE-2B820507A098}"
EndProject
Project("{FAE04EC0-301F-11D3-BF4B-00C04F79EFBC}") = "NewPhoneModel", "NewPhoneModel\NewPhoneModel.csproj", "{4C7B6304-B34E-473A-BCE0-4FEBD852C824}"
EndProject
Project("{2150E333-8FDC-42A3-9474-1A3956D46DE8}") = "Lab4", "Lab4", "{A84D1D7D-F968-46A6-B3A5-E8B11A852859}"
EndProject
Project("{2150E333-8FDC-42A3-9474-1A3956D46DE8}") = "Model", "Model", "{A7E9C51C-DDDA-43C9-A740-1B52E9403C3E}"
EndProject
Project("{2150E333-8FDC-42A3-9474-1A3956D46DE8}") = "View", "View", "{3008711D-D840-4C9E-A56D-2344C19D8845}"
EndProject
Project("{FAE04EC0-301F-11D3-BF4B-00C04F79EFBC}") = "NewPhoneView", "NewPhoneView\NewPhoneView.csproj", "{A01C0105-7C0A-44C7-A4C8-3F3262653E85}"
EndProject
Global
	GlobalSection(SolutionConfigurationPlatforms) = preSolution
		Debug|Any CPU = Debug|Any CPU
		Release|Any CPU = Release|Any CPU
	EndGlobalSection
	GlobalSection(ProjectConfigurationPlatforms) = postSolution
		{CEEF465E-D21A-43E0-8F1A-B6123243AE41}.Debug|Any CPU.ActiveCfg = Debug|Any CPU
		{CEEF465E-D21A-43E0-8F1A-B6123243AE41}.Debug|Any CPU.Build.0 = Debug|Any CPU
		{CEEF465E-D21A-43E0-8F1A-B6123243AE41}.Release|Any CPU.ActiveCfg = Release|Any CPU
		{CEEF465E-D21A-43E0-8F1A-B6123243AE41}.Release|Any CPU.Build.0 = Release|Any CPU
		{08EA9DD8-679E-4E39-B809-50ED925264A7}.Debug|Any CPU.ActiveCfg = Debug|Any CPU
		{08EA9DD8-679E-4E39-B809-50ED925264A7}.Debug|Any CPU.Build.0 = Debug|Any CPU
		{08EA9DD8-679E-4E39-B809-50ED925264A7}.Release|Any CPU.ActiveCfg = Release|Any CPU
		{08EA9DD8-679E-4E39-B809-50ED925264A7}.Release|Any CPU.Build.0 = Release|Any CPU
		{EC6584F9-62A8-46ED-940A-47DF01390824}.Debug|Any CPU.ActiveCfg = Debug|Any CPU
		{EC6584F9-62A8-46ED-940A-47DF01390824}.Debug|Any CPU.Build.0 = Debug|Any CPU
		{EC6584F9-62A8-46ED-940A-47DF01390824}.Release|Any CPU.ActiveCfg = Release|Any CPU
		{EC6584F9-62A8-46ED-940A-47DF01390824}.Release|Any CPU.Build.0 = Release|Any CPU
		{9CBAC39F-67DF-45F7-8295-E54B3D0FC777}.Debug|Any CPU.ActiveCfg = Debug|Any CPU
		{9CBAC39F-67DF-45F7-8295-E54B3D0FC777}.Debug|Any CPU.Build.0 = Debug|Any CPU
		{9CBAC39F-67DF-45F7-8295-E54B3D0FC777}.Release|Any CPU.ActiveCfg = Release|Any CPU
		{9CBAC39F-67DF-45F7-8295-E54B3D0FC777}.Release|Any CPU.Build.0 = Release|Any CPU
		{0222DA7C-723A-4600-A0E5-387438C65597}.Debug|Any CPU.ActiveCfg = Debug|Any CPU
		{0222DA7C-723A-4600-A0E5-387438C65597}.Debug|Any CPU.Build.0 = Debug|Any CPU
		{0222DA7C-723A-4600-A0E5-387438C65597}.Release|Any CPU.ActiveCfg = Release|Any CPU
		{0222DA7C-723A-4600-A0E5-387438C65597}.Release|Any CPU.Build.0 = Release|Any CPU
		{4C7B6304-B34E-473A-BCE0-4FEBD852C824}.Debug|Any CPU.ActiveCfg = Debug|Any CPU
		{4C7B6304-B34E-473A-BCE0-4FEBD852C824}.Debug|Any CPU.Build.0 = Debug|Any CPU
		{4C7B6304-B34E-473A-BCE0-4FEBD852C824}.Release|Any CPU.ActiveCfg = Release|Any CPU
		{4C7B6304-B34E-473A-BCE0-4FEBD852C824}.Release|Any CPU.Build.0 = Release|Any CPU
		{A01C0105-7C0A-44C7-A4C8-3F3262653E85}.Debug|Any CPU.ActiveCfg = Debug|Any CPU
		{A01C0105-7C0A-44C7-A4C8-3F3262653E85}.Debug|Any CPU.Build.0 = Debug|Any CPU
		{A01C0105-7C0A-44C7-A4C8-3F3262653E85}.Release|Any CPU.ActiveCfg = Release|Any CPU
		{A01C0105-7C0A-44C7-A4C8-3F3262653E85}.Release|Any CPU.Build.0 = Release|Any CPU
	EndGlobalSection
	GlobalSection(SolutionProperties) = preSolution
		HideSolutionNode = FALSE
	EndGlobalSection
	GlobalSection(NestedProjects) = preSolution
		{CEEF465E-D21A-43E0-8F1A-B6123243AE41} = {9C9D0227-3C80-4428-B71A-0E9DAE2D4ABE}
		{9C9D0227-3C80-4428-B71A-0E9DAE2D4ABE} = {462BEA8B-3780-4871-9BD7-CAEFAF024647}
		{08EA9DD8-679E-4E39-B809-50ED925264A7} = {EC3B475C-BD77-41B0-A038-2F826C37E95D}
		{EC3B475C-BD77-41B0-A038-2F826C37E95D} = {2086F049-B45F-4010-88D4-724A38530AEA}
		{EC6584F9-62A8-46ED-940A-47DF01390824} = {AEBC7DDA-B8B1-4223-B190-15A4A9D74541}
		{AEBC7DDA-B8B1-4223-B190-15A4A9D74541} = {2086F049-B45F-4010-88D4-724A38530AEA}
		{9CBAC39F-67DF-45F7-8295-E54B3D0FC777} = {6AA59520-CCEC-4310-9FEC-ACA46E6E9CC9}
		{6AA59520-CCEC-4310-9FEC-ACA46E6E9CC9} = {624345FC-ABEB-4A19-954D-61DD3AE9FA9F}
		{0222DA7C-723A-4600-A0E5-387438C65597} = {A76E3BF8-609E-4DF0-85DE-2B820507A098}
		{A76E3BF8-609E-4DF0-85DE-2B820507A098} = {624345FC-ABEB-4A19-954D-61DD3AE9FA9F}
		{4C7B6304-B34E-473A-BCE0-4FEBD852C824} = {A7E9C51C-DDDA-43C9-A740-1B52E9403C3E}
		{A7E9C51C-DDDA-43C9-A740-1B52E9403C3E} = {A84D1D7D-F968-46A6-B3A5-E8B11A852859}
		{3008711D-D840-4C9E-A56D-2344C19D8845} = {A84D1D7D-F968-46A6-B3A5-E8B11A852859}
		{A01C0105-7C0A-44C7-A4C8-3F3262653E85} = {3008711D-D840-4C9E-A56D-2344C19D8845}
	EndGlobalSection
	GlobalSection(ExtensibilityGlobals) = postSolution
		SolutionGuid = {575B1934-400E-416C-9AC7-CFA234AB7E6F}
	EndGlobalSection
EndGlobal
